// !$*UTF8*$!
{
	archiveVersion = 1;
	classes = {
	};
	objectVersion = 50;
	objects = {

/* Begin PBXBuildFile section */
		4B743CF22780952800CE270B /* ProductViewController.swift in Sources */ = {isa = PBXBuildFile; fileRef = 4B743CF12780952800CE270B /* ProductViewController.swift */; };
		4B743CF42780955300CE270B /* ProductCollectionViewCell.swift in Sources */ = {isa = PBXBuildFile; fileRef = 4B743CF32780955300CE270B /* ProductCollectionViewCell.swift */; };
		4B743CF62782169900CE270B /* TableSliderViewCell.swift in Sources */ = {isa = PBXBuildFile; fileRef = 4B743CF52782169900CE270B /* TableSliderViewCell.swift */; };
		4B743CF82782170500CE270B /* TableLinkViewCell.swift in Sources */ = {isa = PBXBuildFile; fileRef = 4B743CF72782170500CE270B /* TableLinkViewCell.swift */; };
		4B743CFA2782179500CE270B /* TableLinkAndHintViewCell.swift in Sources */ = {isa = PBXBuildFile; fileRef = 4B743CF92782179500CE270B /* TableLinkAndHintViewCell.swift */; };
		4B743CFC278217B700CE270B /* TableViewController.swift in Sources */ = {isa = PBXBuildFile; fileRef = 4B743CFB278217B700CE270B /* TableViewController.swift */; };
		4BC0234E272D7E030032B33F /* AppDelegate.swift in Sources */ = {isa = PBXBuildFile; fileRef = 4BC0234D272D7E030032B33F /* AppDelegate.swift */; };
		4BC02350272D7E030032B33F /* SceneDelegate.swift in Sources */ = {isa = PBXBuildFile; fileRef = 4BC0234F272D7E030032B33F /* SceneDelegate.swift */; };
		4BC02352272D7E030032B33F /* ViewController.swift in Sources */ = {isa = PBXBuildFile; fileRef = 4BC02351272D7E030032B33F /* ViewController.swift */; };
		4BC02355272D7E030032B33F /* Main.storyboard in Resources */ = {isa = PBXBuildFile; fileRef = 4BC02353272D7E030032B33F /* Main.storyboard */; };
		4BC02357272D7E040032B33F /* Assets.xcassets in Resources */ = {isa = PBXBuildFile; fileRef = 4BC02356272D7E040032B33F /* Assets.xcassets */; };
		4BC0235A272D7E040032B33F /* LaunchScreen.storyboard in Resources */ = {isa = PBXBuildFile; fileRef = 4BC02358272D7E040032B33F /* LaunchScreen.storyboard */; };
/* End PBXBuildFile section */

/* Begin PBXFileReference section */
		4B743CF12780952800CE270B /* ProductViewController.swift */ = {isa = PBXFileReference; lastKnownFileType = sourcecode.swift; path = ProductViewController.swift; sourceTree = "<group>"; };
		4B743CF32780955300CE270B /* ProductCollectionViewCell.swift */ = {isa = PBXFileReference; lastKnownFileType = sourcecode.swift; path = ProductCollectionViewCell.swift; sourceTree = "<group>"; };
		4B743CF52782169900CE270B /* TableSliderViewCell.swift */ = {isa = PBXFileReference; lastKnownFileType = sourcecode.swift; path = TableSliderViewCell.swift; sourceTree = "<group>"; };
		4B743CF72782170500CE270B /* TableLinkViewCell.swift */ = {isa = PBXFileReference; lastKnownFileType = sourcecode.swift; path = TableLinkViewCell.swift; sourceTree = "<group>"; };
		4B743CF92782179500CE270B /* TableLinkAndHintViewCell.swift */ = {isa = PBXFileReference; lastKnownFileType = sourcecode.swift; path = TableLinkAndHintViewCell.swift; sourceTree = "<group>"; };
		4B743CFB278217B700CE270B /* TableViewController.swift */ = {isa = PBXFileReference; lastKnownFileType = sourcecode.swift; path = TableViewController.swift; sourceTree = "<group>"; };
		4BC0234A272D7E030032B33F /* Task10.app */ = {isa = PBXFileReference; explicitFileType = wrapper.application; includeInIndex = 0; path = Task10.app; sourceTree = BUILT_PRODUCTS_DIR; };
		4BC0234D272D7E030032B33F /* AppDelegate.swift */ = {isa = PBXFileReference; lastKnownFileType = sourcecode.swift; path = AppDelegate.swift; sourceTree = "<group>"; };
		4BC0234F272D7E030032B33F /* SceneDelegate.swift */ = {isa = PBXFileReference; lastKnownFileType = sourcecode.swift; path = SceneDelegate.swift; sourceTree = "<group>"; };
		4BC02351272D7E030032B33F /* ViewController.swift */ = {isa = PBXFileReference; lastKnownFileType = sourcecode.swift; path = ViewController.swift; sourceTree = "<group>"; };
		4BC02354272D7E030032B33F /* Base */ = {isa = PBXFileReference; lastKnownFileType = file.storyboard; name = Base; path = Base.lproj/Main.storyboard; sourceTree = "<group>"; };
		4BC02356272D7E040032B33F /* Assets.xcassets */ = {isa = PBXFileReference; lastKnownFileType = folder.assetcatalog; path = Assets.xcassets; sourceTree = "<group>"; };
		4BC02359272D7E040032B33F /* Base */ = {isa = PBXFileReference; lastKnownFileType = file.storyboard; name = Base; path = Base.lproj/LaunchScreen.storyboard; sourceTree = "<group>"; };
		4BC0235B272D7E040032B33F /* Info.plist */ = {isa = PBXFileReference; lastKnownFileType = text.plist.xml; path = Info.plist; sourceTree = "<group>"; };
/* End PBXFileReference section */

/* Begin PBXFrameworksBuildPhase section */
		4BC02347272D7E030032B33F /* Frameworks */ = {
			isa = PBXFrameworksBuildPhase;
			buildActionMask = 2147483647;
			files = (
			);
			runOnlyForDeploymentPostprocessing = 0;
		};
/* End PBXFrameworksBuildPhase section */

/* Begin PBXGroup section */
		4BC02341272D7E030032B33F = {
			isa = PBXGroup;
			children = (
				4BC0234C272D7E030032B33F /* Task10 */,
				4BC0234B272D7E030032B33F /* Products */,
			);
			sourceTree = "<group>";
		};
		4BC0234B272D7E030032B33F /* Products */ = {
			isa = PBXGroup;
			children = (
				4BC0234A272D7E030032B33F /* Task10.app */,
			);
			name = Products;
			sourceTree = "<group>";
		};
		4BC0234C272D7E030032B33F /* Task10 */ = {
			isa = PBXGroup;
			children = (
				4B743CF32780955300CE270B /* ProductCollectionViewCell.swift */,
				4B743CF12780952800CE270B /* ProductViewController.swift */,
				4BC0234D272D7E030032B33F /* AppDelegate.swift */,
				4BC0234F272D7E030032B33F /* SceneDelegate.swift */,
				4BC02351272D7E030032B33F /* ViewController.swift */,
				4BC02353272D7E030032B33F /* Main.storyboard */,
				4B743CF52782169900CE270B /* TableSliderViewCell.swift */,
				4B743CF72782170500CE270B /* TableLinkViewCell.swift */,
				4B743CF92782179500CE270B /* TableLinkAndHintViewCell.swift */,
				4B743CFB278217B700CE270B /* TableViewController.swift */,
				4BC02356272D7E040032B33F /* Assets.xcassets */,
				4BC02358272D7E040032B33F /* LaunchScreen.storyboard */,
				4BC0235B272D7E040032B33F /* Info.plist */,
			);
			path = Task10;
			sourceTree = "<group>";
		};
/* End PBXGroup section */

/* Begin PBXNativeTarget section */
		4BC02349272D7E030032B33F /* Task10 */ = {
			isa = PBXNativeTarget;
			buildConfigurationList = 4BC0235E272D7E040032B33F /* Build configuration list for PBXNativeTarget "Task10" */;
			buildPhases = (
				4BC02346272D7E030032B33F /* Sources */,
				4BC02347272D7E030032B33F /* Frameworks */,
				4BC02348272D7E030032B33F /* Resources */,
			);
			buildRules = (
			);
			dependencies = (
			);
			name = Task10;
			productName = Task10;
			productReference = 4BC0234A272D7E030032B33F /* Task10.app */;
			productType = "com.apple.product-type.application";
		};
/* End PBXNativeTarget section */

/* Begin PBXProject section */
		4BC02342272D7E030032B33F /* Project object */ = {
			isa = PBXProject;
			attributes = {
				LastSwiftUpdateCheck = 1250;
				LastUpgradeCheck = 1250;
				TargetAttributes = {
					4BC02349272D7E030032B33F = {
						CreatedOnToolsVersion = 12.5;
					};
				};
			};
			buildConfigurationList = 4BC02345272D7E030032B33F /* Build configuration list for PBXProject "Task10" */;
			compatibilityVersion = "Xcode 9.3";
			developmentRegion = en;
			hasScannedForEncodings = 0;
			knownRegions = (
				en,
				Base,
			);
			mainGroup = 4BC02341272D7E030032B33F;
			productRefGroup = 4BC0234B272D7E030032B33F /* Products */;
			projectDirPath = "";
			projectRoot = "";
			targets = (
				4BC02349272D7E030032B33F /* Task10 */,
			);
		};
/* End PBXProject section */

/* Begin PBXResourcesBuildPhase section */
		4BC02348272D7E030032B33F /* Resources */ = {
			isa = PBXResourcesBuildPhase;
			buildActionMask = 2147483647;
			files = (
				4BC0235A272D7E040032B33F /* LaunchScreen.storyboard in Resources */,
				4BC02357272D7E040032B33F /* Assets.xcassets in Resources */,
				4BC02355272D7E030032B33F /* Main.storyboard in Resources */,
			);
			runOnlyForDeploymentPostprocessing = 0;
		};
/* End PBXResourcesBuildPhase section */

/* Begin PBXSourcesBuildPhase section */
		4BC02346272D7E030032B33F /* Sources */ = {
			isa = PBXSourcesBuildPhase;
			buildActionMask = 2147483647;
			files = (
				4B743CFA2782179500CE270B /* TableLinkAndHintViewCell.swift in Sources */,
				4B743CF82782170500CE270B /* TableLinkViewCell.swift in Sources */,
				4BC02352272D7E030032B33F /* ViewController.swift in Sources */,
				4BC0234E272D7E030032B33F /* AppDelegate.swift in Sources */,
				4B743CF62782169900CE270B /* TableSliderViewCell.swift in Sources */,
				4B743CF42780955300CE270B /* ProductCollectionViewCell.swift in Sources */,
				4B743CF22780952800CE270B /* ProductViewController.swift in Sources */,
				4B743CFC278217B700CE270B /* TableViewController.swift in Sources */,
				4BC02350272D7E030032B33F /* SceneDelegate.swift in Sources */,
			);
			runOnlyForDeploymentPostprocessing = 0;
		};
/* End PBXSourcesBuildPhase section */

/* Begin PBXVariantGroup section */
		4BC02353272D7E030032B33F /* Main.storyboard */ = {
			isa = PBXVariantGroup;
			children = (
				4BC02354272D7E030032B33F /* Base */,
			);
			name = Main.storyboard;
			sourceTree = "<group>";
		};
		4BC02358272D7E040032B33F /* LaunchScreen.storyboard */ = {
			isa = PBXVariantGroup;
			children = (
				4BC02359272D7E040032B33F /* Base */,
			);
			name = LaunchScreen.storyboard;
			sourceTree = "<group>";
		};
/* End PBXVariantGroup section */

/* Begin XCBuildConfiguration section */
		4BC0235C272D7E040032B33F /* Debug */ = {
			isa = XCBuildConfiguration;
			buildSettings = {
				ALWAYS_SEARCH_USER_PATHS = NO;
				CLANG_ANALYZER_NONNULL = YES;
				CLANG_ANALYZER_NUMBER_OBJECT_CONVERSION = YES_AGGRESSIVE;
				CLANG_CXX_LANGUAGE_STANDARD = "gnu++14";
				CLANG_CXX_LIBRARY = "libc++";
				CLANG_ENABLE_MODULES = YES;
				CLANG_ENABLE_OBJC_ARC = YES;
				CLANG_ENABLE_OBJC_WEAK = YES;
				CLANG_WARN_BLOCK_CAPTURE_AUTORELEASING = YES;
				CLANG_WARN_BOOL_CONVERSION = YES;
				CLANG_WARN_COMMA = YES;
				CLANG_WARN_CONSTANT_CONVERSION = YES;
				CLANG_WARN_DEPRECATED_OBJC_IMPLEMENTATIONS = YES;
				CLANG_WARN_DIRECT_OBJC_ISA_USAGE = YES_ERROR;
				CLANG_WARN_DOCUMENTATION_COMMENTS = YES;
				CLANG_WARN_EMPTY_BODY = YES;
				CLANG_WARN_ENUM_CONVERSION = YES;
				CLANG_WARN_INFINITE_RECURSION = YES;
				CLANG_WARN_INT_CONVERSION = YES;
				CLANG_WARN_NON_LITERAL_NULL_CONVERSION = YES;
				CLANG_WARN_OBJC_IMPLICIT_RETAIN_SELF = YES;
				CLANG_WARN_OBJC_LITERAL_CONVERSION = YES;
				CLANG_WARN_OBJC_ROOT_CLASS = YES_ERROR;
				CLANG_WARN_QUOTED_INCLUDE_IN_FRAMEWORK_HEADER = YES;
				CLANG_WARN_RANGE_LOOP_ANALYSIS = YES;
				CLANG_WARN_STRICT_PROTOTYPES = YES;
				CLANG_WARN_SUSPICIOUS_MOVE = YES;
				CLANG_WARN_UNGUARDED_AVAILABILITY = YES_AGGRESSIVE;
				CLANG_WARN_UNREACHABLE_CODE = YES;
				CLANG_WARN__DUPLICATE_METHOD_MATCH = YES;
				COPY_PHASE_STRIP = NO;
				DEBUG_INFORMATION_FORMAT = dwarf;
				ENABLE_STRICT_OBJC_MSGSEND = YES;
				ENABLE_TESTABILITY = YES;
				GCC_C_LANGUAGE_STANDARD = gnu11;
				GCC_DYNAMIC_NO_PIC = NO;
				GCC_NO_COMMON_BLOCKS = YES;
				GCC_OPTIMIZATION_LEVEL = 0;
				GCC_PREPROCESSOR_DEFINITIONS = (
					"DEBUG=1",
					"$(inherited)",
				);
				GCC_WARN_64_TO_32_BIT_CONVERSION = YES;
				GCC_WARN_ABOUT_RETURN_TYPE = YES_ERROR;
				GCC_WARN_UNDECLARED_SELECTOR = YES;
				GCC_WARN_UNINITIALIZED_AUTOS = YES_AGGRESSIVE;
				GCC_WARN_UNUSED_FUNCTION = YES;
				GCC_WARN_UNUSED_VARIABLE = YES;
				IPHONEOS_DEPLOYMENT_TARGET = 14.5;
				MTL_ENABLE_DEBUG_INFO = INCLUDE_SOURCE;
				MTL_FAST_MATH = YES;
				ONLY_ACTIVE_ARCH = YES;
				SDKROOT = iphoneos;
				SWIFT_ACTIVE_COMPILATION_CONDITIONS = DEBUG;
				SWIFT_OPTIMIZATION_LEVEL = "-Onone";
			};
			name = Debug;
		};
		4BC0235D272D7E040032B33F /* Release */ = {
			isa = XCBuildConfiguration;
			buildSettings = {
				ALWAYS_SEARCH_USER_PATHS = NO;
				CLANG_ANALYZER_NONNULL = YES;
				CLANG_ANALYZER_NUMBER_OBJECT_CONVERSION = YES_AGGRESSIVE;
				CLANG_CXX_LANGUAGE_STANDARD = "gnu++14";
				CLANG_CXX_LIBRARY = "libc++";
				CLANG_ENABLE_MODULES = YES;
				CLANG_ENABLE_OBJC_ARC = YES;
				CLANG_ENABLE_OBJC_WEAK = YES;
				CLANG_WARN_BLOCK_CAPTURE_AUTORELEASING = YES;
				CLANG_WARN_BOOL_CONVERSION = YES;
				CLANG_WARN_COMMA = YES;
				CLANG_WARN_CONSTANT_CONVERSION = YES;
				CLANG_WARN_DEPRECATED_OBJC_IMPLEMENTATIONS = YES;
				CLANG_WARN_DIRECT_OBJC_ISA_USAGE = YES_ERROR;
				CLANG_WARN_DOCUMENTATION_COMMENTS = YES;
				CLANG_WARN_EMPTY_BODY = YES;
				CLANG_WARN_ENUM_CONVERSION = YES;
				CLANG_WARN_INFINITE_RECURSION = YES;
				CLANG_WARN_INT_CONVERSION = YES;
				CLANG_WARN_NON_LITERAL_NULL_CONVERSION = YES;
				CLANG_WARN_OBJC_IMPLICIT_RETAIN_SELF = YES;
				CLANG_WARN_OBJC_LITERAL_CONVERSION = YES;
				CLANG_WARN_OBJC_ROOT_CLASS = YES_ERROR;
				CLANG_WARN_QUOTED_INCLUDE_IN_FRAMEWORK_HEADER = YES;
				CLANG_WARN_RANGE_LOOP_ANALYSIS = YES;
				CLANG_WARN_STRICT_PROTOTYPES = YES;
				CLANG_WARN_SUSPICIOUS_MOVE = YES;
				CLANG_WARN_UNGUARDED_AVAILABILITY = YES_AGGRESSIVE;
				CLANG_WARN_UNREACHABLE_CODE = YES;
				CLANG_WARN__DUPLICATE_METHOD_MATCH = YES;
				COPY_PHASE_STRIP = NO;
				DEBUG_INFORMATION_FORMAT = "dwarf-with-dsym";
				ENABLE_NS_ASSERTIONS = NO;
				ENABLE_STRICT_OBJC_MSGSEND = YES;
				GCC_C_LANGUAGE_STANDARD = gnu11;
				GCC_NO_COMMON_BLOCKS = YES;
				GCC_WARN_64_TO_32_BIT_CONVERSION = YES;
				GCC_WARN_ABOUT_RETURN_TYPE = YES_ERROR;
				GCC_WARN_UNDECLARED_SELECTOR = YES;
				GCC_WARN_UNINITIALIZED_AUTOS = YES_AGGRESSIVE;
				GCC_WARN_UNUSED_FUNCTION = YES;
				GCC_WARN_UNUSED_VARIABLE = YES;
				IPHONEOS_DEPLOYMENT_TARGET = 14.5;
				MTL_ENABLE_DEBUG_INFO = NO;
				MTL_FAST_MATH = YES;
				SDKROOT = iphoneos;
				SWIFT_COMPILATION_MODE = wholemodule;
				SWIFT_OPTIMIZATION_LEVEL = "-O";
				VALIDATE_PRODUCT = YES;
			};
			name = Release;
		};
		4BC0235F272D7E040032B33F /* Debug */ = {
			isa = XCBuildConfiguration;
			buildSettings = {
				ASSETCATALOG_COMPILER_APPICON_NAME = AppIcon;
				ASSETCATALOG_COMPILER_GLOBAL_ACCENT_COLOR_NAME = AccentColor;
				CODE_SIGN_STYLE = Automatic;
				DEVELOPMENT_TEAM = 83RWD64KH8;
				INFOPLIST_FILE = Task10/Info.plist;
				LD_RUNPATH_SEARCH_PATHS = (
					"$(inherited)",
					"@executable_path/Frameworks",
				);
				PRODUCT_BUNDLE_IDENTIFIER = SummerSpring.Task10;
				PRODUCT_NAME = "$(TARGET_NAME)";
				SWIFT_VERSION = 5.0;
				TARGETED_DEVICE_FAMILY = "1,2";
			};
			name = Debug;
		};
		4BC02360272D7E040032B33F /* Release */ = {
			isa = XCBuildConfiguration;
			buildSettings = {
				ASSETCATALOG_COMPILER_APPICON_NAME = AppIcon;
				ASSETCATALOG_COMPILER_GLOBAL_ACCENT_COLOR_NAME = AccentColor;
				CODE_SIGN_STYLE = Automatic;
				DEVELOPMENT_TEAM = 83RWD64KH8;
				INFOPLIST_FILE = Task10/Info.plist;
				LD_RUNPATH_SEARCH_PATHS = (
					"$(inherited)",
					"@executable_path/Frameworks",
				);
				PRODUCT_BUNDLE_IDENTIFIER = SummerSpring.Task10;
				PRODUCT_NAME = "$(TARGET_NAME)";
				SWIFT_VERSION = 5.0;
				TARGETED_DEVICE_FAMILY = "1,2";
			};
			name = Release;
		};
/* End XCBuildConfiguration section */

/* Begin XCConfigurationList section */
		4BC02345272D7E030032B33F /* Build configuration list for PBXProject "Task10" */ = {
			isa = XCConfigurationList;
			buildConfigurations = (
				4BC0235C272D7E040032B33F /* Debug */,
				4BC0235D272D7E040032B33F /* Release */,
			);
			defaultConfigurationIsVisible = 0;
			defaultConfigurationName = Release;
		};
		4BC0235E272D7E040032B33F /* Build configuration list for PBXNativeTarget "Task10" */ = {
			isa = XCConfigurationList;
			buildConfigurations = (
				4BC0235F272D7E040032B33F /* Debug */,
				4BC02360272D7E040032B33F /* Release */,
			);
			defaultConfigurationIsVisible = 0;
			defaultConfigurationName = Release;
		};
/* End XCConfigurationList section */
	};
	rootObject = 4BC02342272D7E030032B33F /* Project object */;
}
